
Microsoft Visual Studio Solution File, Format Version 12.00
# Visual Studio 14
VisualStudioVersion = 14.0.23107.0
MinimumVisualStudioVersion = 10.0.40219.1
Project("{2150E333-8FDC-42A3-9474-1A3956D46DE8}") = "Parsers", "Parsers", "{F90ECEC5-96F6-4AC2-8186-EAA985FDDB24}"
EndProject
Project("{2150E333-8FDC-42A3-9474-1A3956D46DE8}") = "Auxiliary", "Auxiliary", "{8A07163E-FEE5-4175-8876-D0FD2164A6A7}"
EndProject
Project("{2150E333-8FDC-42A3-9474-1A3956D46DE8}") = "Solution Items", "Solution Items", "{855AB66D-F882-4E20-9671-79B71595DB93}"
	ProjectSection(SolutionItems) = preProject
		VersionInfo.cs = VersionInfo.cs
	EndProjectSection
EndProject
Project("{2150E333-8FDC-42A3-9474-1A3956D46DE8}") = "IDEPlugIns", "IDEPlugIns", "{D52A77CD-1774-4CF0-BF22-78B24FFC01AC}"
EndProject
Project("{FAE04EC0-301F-11D3-BF4B-00C04F79EFBC}") = "Core", "System\Core\Core.csproj", "{3101741E-4E25-4C84-8824-C7D0AB7922D7}"
EndProject
Project("{FAE04EC0-301F-11D3-BF4B-00C04F79EFBC}") = "DLLWrapper", "System\DLLWrapper\DLLWrapper.csproj", "{081F3565-22FF-458E-A8E3-F5E337D4280D}"
EndProject
Project("{FAE04EC0-301F-11D3-BF4B-00C04F79EFBC}") = "LWParserCS", "Parsers\LWParserCS\LWParserCS.csproj", "{5B6DC376-7344-49BF-9876-3B21EB0512D4}"
	ProjectSection(ProjectDependencies) = postProject
		{3101741E-4E25-4C84-8824-C7D0AB7922D7} = {3101741E-4E25-4C84-8824-C7D0AB7922D7}
		{AF1F8BCF-34FC-4A5E-9D45-BCC6031720BC} = {AF1F8BCF-34FC-4A5E-9D45-BCC6031720BC}
	EndProjectSection
EndProject
Project("{FAE04EC0-301F-11D3-BF4B-00C04F79EFBC}") = "LWParserPascal", "Parsers\LWParserPascal\LWParserPascal.csproj", "{69A53297-1342-45B1-81B0-250E56B0C1D3}"
	ProjectSection(ProjectDependencies) = postProject
		{AF1F8BCF-34FC-4A5E-9D45-BCC6031720BC} = {AF1F8BCF-34FC-4A5E-9D45-BCC6031720BC}
		{972891E4-094E-46BD-8AB3-347FE602BF90} = {972891E4-094E-46BD-8AB3-347FE602BF90}
	EndProjectSection
EndProject
Project("{FAE04EC0-301F-11D3-BF4B-00C04F79EFBC}") = "TestFilesGeneratorCS", "Auxiliary\TestFilesGeneratorCS\TestFilesGeneratorCS.csproj", "{E86CCA53-9E82-41AA-AF26-96A848D64210}"
EndProject
Project("{FAE04EC0-301F-11D3-BF4B-00C04F79EFBC}") = "ParserTester", "Auxiliary\ParserTester\ParserTester.csproj", "{67001FFC-0B34-4F7C-8908-4912461C13DF}"
EndProject
Project("{FAE04EC0-301F-11D3-BF4B-00C04F79EFBC}") = "ParserGenerator", "System\ParserGenerator\ParserGenerator.csproj", "{972891E4-094E-46BD-8AB3-347FE602BF90}"
	ProjectSection(ProjectDependencies) = postProject
		{AF1F8BCF-34FC-4A5E-9D45-BCC6031720BC} = {AF1F8BCF-34FC-4A5E-9D45-BCC6031720BC}
	EndProjectSection
EndProject
Project("{FAE04EC0-301F-11D3-BF4B-00C04F79EFBC}") = "LWParserYacc", "Parsers\LWParserYacc\LWParserYacc.csproj", "{143BCAB7-54C0-49D4-BCFA-9B712342BA7A}"
	ProjectSection(ProjectDependencies) = postProject
		{AF1F8BCF-34FC-4A5E-9D45-BCC6031720BC} = {AF1F8BCF-34FC-4A5E-9D45-BCC6031720BC}
		{972891E4-094E-46BD-8AB3-347FE602BF90} = {972891E4-094E-46BD-8AB3-347FE602BF90}
	EndProjectSection
EndProject
Project("{FAE04EC0-301F-11D3-BF4B-00C04F79EFBC}") = "TestParser", "Parsers\TestParser\TestParser.csproj", "{E16858A2-B81D-48C4-91F0-72F002C1465F}"
	ProjectSection(ProjectDependencies) = postProject
		{AF1F8BCF-34FC-4A5E-9D45-BCC6031720BC} = {AF1F8BCF-34FC-4A5E-9D45-BCC6031720BC}
	EndProjectSection
EndProject
Project("{FAE04EC0-301F-11D3-BF4B-00C04F79EFBC}") = "PascalABCAspects", "IDEPlugins\PascalABCAspects\PascalABCAspects.csproj", "{FD0F53ED-7BC1-4A73-8E08-15F44B52C6F2}"
EndProject
Project("{FAE04EC0-301F-11D3-BF4B-00C04F79EFBC}") = "LWParserCS2", "Parsers\LWParserCS2\LWParserCS2.csproj", "{4B9ECC2B-3FFF-48B9-A323-F7F9AD905C58}"
	ProjectSection(ProjectDependencies) = postProject
		{AF1F8BCF-34FC-4A5E-9D45-BCC6031720BC} = {AF1F8BCF-34FC-4A5E-9D45-BCC6031720BC}
		{972891E4-094E-46BD-8AB3-347FE602BF90} = {972891E4-094E-46BD-8AB3-347FE602BF90}
	EndProjectSection
EndProject
Project("{FAE04EC0-301F-11D3-BF4B-00C04F79EFBC}") = "AspectVSPackage", "IDEPlugins\AspectVSPackage\AspectVSPackage.csproj", "{4F84836B-30F9-439B-946D-4FACDBB1007F}"
EndProject
Project("{FAE04EC0-301F-11D3-BF4B-00C04F79EFBC}") = "LWParserXML", "Parsers\LWParserXML\LWParserXML.csproj", "{214A9C61-9E47-4342-8263-14231F501794}"
	ProjectSection(ProjectDependencies) = postProject
		{AF1F8BCF-34FC-4A5E-9D45-BCC6031720BC} = {AF1F8BCF-34FC-4A5E-9D45-BCC6031720BC}
		{972891E4-094E-46BD-8AB3-347FE602BF90} = {972891E4-094E-46BD-8AB3-347FE602BF90}
	EndProjectSection
EndProject
Project("{FAE04EC0-301F-11D3-BF4B-00C04F79EFBC}") = "GPPG", "GPPG\GPPG.csproj", "{AF1F8BCF-34FC-4A5E-9D45-BCC6031720BC}"
EndProject
Project("{FAE04EC0-301F-11D3-BF4B-00C04F79EFBC}") = "LWParserJava", "Parsers\LWParserJava\LWParserJava.csproj", "{0AB5E0AF-5920-4B72-BF2D-AC0D3E15F661}"
	ProjectSection(ProjectDependencies) = postProject
		{AF1F8BCF-34FC-4A5E-9D45-BCC6031720BC} = {AF1F8BCF-34FC-4A5E-9D45-BCC6031720BC}
		{972891E4-094E-46BD-8AB3-347FE602BF90} = {972891E4-094E-46BD-8AB3-347FE602BF90}
	EndProjectSection
EndProject
Project("{FAE04EC0-301F-11D3-BF4B-00C04F79EFBC}") = "NPPAspectPlugin", "IDEPlugins\NPPAspectPlugin\NPPAspectPlugin.csproj", "{475EAB35-C336-46CD-B470-2F4BD0F91F87}"
EndProject
Project("{FAE04EC0-301F-11D3-BF4B-00C04F79EFBC}") = "LWParserLP", "Parsers\LWParserLP\LWParserLP.csproj", "{563EB31A-8F5D-4664-BC12-0F95208C2240}"
	ProjectSection(ProjectDependencies) = postProject
		{AF1F8BCF-34FC-4A5E-9D45-BCC6031720BC} = {AF1F8BCF-34FC-4A5E-9D45-BCC6031720BC}
		{972891E4-094E-46BD-8AB3-347FE602BF90} = {972891E4-094E-46BD-8AB3-347FE602BF90}
	EndProjectSection
EndProject
Project("{FAE04EC0-301F-11D3-BF4B-00C04F79EFBC}") = "LWParserLex", "Parsers\LWParserLex\LWParserLex.csproj", "{81CD7C15-9C4E-4B60-9A57-6DE7101BA703}"
	ProjectSection(ProjectDependencies) = postProject
		{AF1F8BCF-34FC-4A5E-9D45-BCC6031720BC} = {AF1F8BCF-34FC-4A5E-9D45-BCC6031720BC}
		{972891E4-094E-46BD-8AB3-347FE602BF90} = {972891E4-094E-46BD-8AB3-347FE602BF90}
	EndProjectSection
EndProject
Project("{FAE04EC0-301F-11D3-BF4B-00C04F79EFBC}") = "LWCommentParser", "Parsers\LWCommentParser\LWCommentParser.csproj", "{4AF1BAF6-C458-4940-B8B6-BA92C5741FED}"
	ProjectSection(ProjectDependencies) = postProject
		{AF1F8BCF-34FC-4A5E-9D45-BCC6031720BC} = {AF1F8BCF-34FC-4A5E-9D45-BCC6031720BC}
		{972891E4-094E-46BD-8AB3-347FE602BF90} = {972891E4-094E-46BD-8AB3-347FE602BF90}
	EndProjectSection
EndProject
Global
	GlobalSection(SolutionConfigurationPlatforms) = preSolution
		Debug|Any CPU = Debug|Any CPU
		Debug|Mixed Platforms = Debug|Mixed Platforms
		Debug|x86 = Debug|x86
		Release|Any CPU = Release|Any CPU
		Release|Mixed Platforms = Release|Mixed Platforms
		Release|x86 = Release|x86
	EndGlobalSection
	GlobalSection(ProjectConfigurationPlatforms) = postSolution
		{3101741E-4E25-4C84-8824-C7D0AB7922D7}.Debug|Any CPU.ActiveCfg = Debug|Any CPU
		{3101741E-4E25-4C84-8824-C7D0AB7922D7}.Debug|Any CPU.Build.0 = Debug|Any CPU
		{3101741E-4E25-4C84-8824-C7D0AB7922D7}.Debug|Mixed Platforms.ActiveCfg = Debug|Any CPU
		{3101741E-4E25-4C84-8824-C7D0AB7922D7}.Debug|Mixed Platforms.Build.0 = Debug|Any CPU
		{3101741E-4E25-4C84-8824-C7D0AB7922D7}.Debug|x86.ActiveCfg = Debug|Any CPU
		{3101741E-4E25-4C84-8824-C7D0AB7922D7}.Release|Any CPU.ActiveCfg = Release|Any CPU
		{3101741E-4E25-4C84-8824-C7D0AB7922D7}.Release|Any CPU.Build.0 = Release|Any CPU
		{3101741E-4E25-4C84-8824-C7D0AB7922D7}.Release|Mixed Platforms.ActiveCfg = Release|Any CPU
		{3101741E-4E25-4C84-8824-C7D0AB7922D7}.Release|Mixed Platforms.Build.0 = Release|Any CPU
		{3101741E-4E25-4C84-8824-C7D0AB7922D7}.Release|x86.ActiveCfg = Release|Any CPU
		{081F3565-22FF-458E-A8E3-F5E337D4280D}.Debug|Any CPU.ActiveCfg = Debug|Any CPU
		{081F3565-22FF-458E-A8E3-F5E337D4280D}.Debug|Mixed Platforms.ActiveCfg = Debug|Any CPU
		{081F3565-22FF-458E-A8E3-F5E337D4280D}.Debug|Mixed Platforms.Build.0 = Debug|Any CPU
		{081F3565-22FF-458E-A8E3-F5E337D4280D}.Debug|x86.ActiveCfg = Debug|Any CPU
		{081F3565-22FF-458E-A8E3-F5E337D4280D}.Release|Any CPU.ActiveCfg = Release|Any CPU
		{081F3565-22FF-458E-A8E3-F5E337D4280D}.Release|Any CPU.Build.0 = Release|Any CPU
		{081F3565-22FF-458E-A8E3-F5E337D4280D}.Release|Mixed Platforms.ActiveCfg = Release|Any CPU
		{081F3565-22FF-458E-A8E3-F5E337D4280D}.Release|Mixed Platforms.Build.0 = Release|Any CPU
		{081F3565-22FF-458E-A8E3-F5E337D4280D}.Release|x86.ActiveCfg = Release|Any CPU
		{5B6DC376-7344-49BF-9876-3B21EB0512D4}.Debug|Any CPU.ActiveCfg = Debug|x86
		{5B6DC376-7344-49BF-9876-3B21EB0512D4}.Debug|Any CPU.Build.0 = Debug|x86
		{5B6DC376-7344-49BF-9876-3B21EB0512D4}.Debug|Mixed Platforms.ActiveCfg = Debug|x86
		{5B6DC376-7344-49BF-9876-3B21EB0512D4}.Debug|x86.ActiveCfg = Debug|x86
		{5B6DC376-7344-49BF-9876-3B21EB0512D4}.Debug|x86.Build.0 = Debug|x86
		{5B6DC376-7344-49BF-9876-3B21EB0512D4}.Release|Any CPU.ActiveCfg = Release|x86
		{5B6DC376-7344-49BF-9876-3B21EB0512D4}.Release|Mixed Platforms.ActiveCfg = Release|x86
		{5B6DC376-7344-49BF-9876-3B21EB0512D4}.Release|Mixed Platforms.Build.0 = Release|x86
		{5B6DC376-7344-49BF-9876-3B21EB0512D4}.Release|x86.ActiveCfg = Release|x86
		{5B6DC376-7344-49BF-9876-3B21EB0512D4}.Release|x86.Build.0 = Release|x86
		{69A53297-1342-45B1-81B0-250E56B0C1D3}.Debug|Any CPU.ActiveCfg = Debug|x86
		{69A53297-1342-45B1-81B0-250E56B0C1D3}.Debug|Any CPU.Build.0 = Debug|x86
		{69A53297-1342-45B1-81B0-250E56B0C1D3}.Debug|Mixed Platforms.ActiveCfg = Debug|x86
		{69A53297-1342-45B1-81B0-250E56B0C1D3}.Debug|Mixed Platforms.Build.0 = Debug|x86
		{69A53297-1342-45B1-81B0-250E56B0C1D3}.Debug|x86.ActiveCfg = Debug|x86
		{69A53297-1342-45B1-81B0-250E56B0C1D3}.Release|Any CPU.ActiveCfg = Release|x86
		{69A53297-1342-45B1-81B0-250E56B0C1D3}.Release|Mixed Platforms.ActiveCfg = Release|x86
		{69A53297-1342-45B1-81B0-250E56B0C1D3}.Release|Mixed Platforms.Build.0 = Release|x86
		{69A53297-1342-45B1-81B0-250E56B0C1D3}.Release|x86.ActiveCfg = Release|x86
		{69A53297-1342-45B1-81B0-250E56B0C1D3}.Release|x86.Build.0 = Release|x86
		{E86CCA53-9E82-41AA-AF26-96A848D64210}.Debug|Any CPU.ActiveCfg = Debug|Any CPU
		{E86CCA53-9E82-41AA-AF26-96A848D64210}.Debug|Mixed Platforms.ActiveCfg = Debug|Any CPU
		{E86CCA53-9E82-41AA-AF26-96A848D64210}.Debug|Mixed Platforms.Build.0 = Debug|Any CPU
		{E86CCA53-9E82-41AA-AF26-96A848D64210}.Debug|x86.ActiveCfg = Debug|Any CPU
		{E86CCA53-9E82-41AA-AF26-96A848D64210}.Release|Any CPU.ActiveCfg = Release|Any CPU
		{E86CCA53-9E82-41AA-AF26-96A848D64210}.Release|Any CPU.Build.0 = Release|Any CPU
		{E86CCA53-9E82-41AA-AF26-96A848D64210}.Release|Mixed Platforms.ActiveCfg = Release|Any CPU
		{E86CCA53-9E82-41AA-AF26-96A848D64210}.Release|Mixed Platforms.Build.0 = Release|Any CPU
		{E86CCA53-9E82-41AA-AF26-96A848D64210}.Release|x86.ActiveCfg = Release|Any CPU
		{67001FFC-0B34-4F7C-8908-4912461C13DF}.Debug|Any CPU.ActiveCfg = Debug|Any CPU
		{67001FFC-0B34-4F7C-8908-4912461C13DF}.Debug|Mixed Platforms.ActiveCfg = Debug|Any CPU
		{67001FFC-0B34-4F7C-8908-4912461C13DF}.Debug|Mixed Platforms.Build.0 = Debug|Any CPU
		{67001FFC-0B34-4F7C-8908-4912461C13DF}.Debug|x86.ActiveCfg = Debug|Any CPU
		{67001FFC-0B34-4F7C-8908-4912461C13DF}.Release|Any CPU.ActiveCfg = Release|Any CPU
		{67001FFC-0B34-4F7C-8908-4912461C13DF}.Release|Any CPU.Build.0 = Release|Any CPU
		{67001FFC-0B34-4F7C-8908-4912461C13DF}.Release|Mixed Platforms.ActiveCfg = Release|Any CPU
		{67001FFC-0B34-4F7C-8908-4912461C13DF}.Release|Mixed Platforms.Build.0 = Release|Any CPU
		{67001FFC-0B34-4F7C-8908-4912461C13DF}.Release|x86.ActiveCfg = Release|Any CPU
		{972891E4-094E-46BD-8AB3-347FE602BF90}.Debug|Any CPU.ActiveCfg = Debug|Any CPU
		{972891E4-094E-46BD-8AB3-347FE602BF90}.Debug|Any CPU.Build.0 = Debug|Any CPU
		{972891E4-094E-46BD-8AB3-347FE602BF90}.Debug|Mixed Platforms.ActiveCfg = Debug|Any CPU
		{972891E4-094E-46BD-8AB3-347FE602BF90}.Debug|Mixed Platforms.Build.0 = Debug|Any CPU
		{972891E4-094E-46BD-8AB3-347FE602BF90}.Debug|x86.ActiveCfg = Debug|Any CPU
		{972891E4-094E-46BD-8AB3-347FE602BF90}.Release|Any CPU.ActiveCfg = Release|Any CPU
		{972891E4-094E-46BD-8AB3-347FE602BF90}.Release|Any CPU.Build.0 = Release|Any CPU
		{972891E4-094E-46BD-8AB3-347FE602BF90}.Release|Mixed Platforms.ActiveCfg = Release|Any CPU
		{972891E4-094E-46BD-8AB3-347FE602BF90}.Release|Mixed Platforms.Build.0 = Release|Any CPU
		{972891E4-094E-46BD-8AB3-347FE602BF90}.Release|x86.ActiveCfg = Release|Any CPU
		{143BCAB7-54C0-49D4-BCFA-9B712342BA7A}.Debug|Any CPU.ActiveCfg = Debug|Any CPU
		{143BCAB7-54C0-49D4-BCFA-9B712342BA7A}.Debug|Any CPU.Build.0 = Debug|Any CPU
		{143BCAB7-54C0-49D4-BCFA-9B712342BA7A}.Debug|Mixed Platforms.ActiveCfg = Debug|Any CPU
		{143BCAB7-54C0-49D4-BCFA-9B712342BA7A}.Debug|Mixed Platforms.Build.0 = Debug|Any CPU
		{143BCAB7-54C0-49D4-BCFA-9B712342BA7A}.Debug|x86.ActiveCfg = Debug|Any CPU
		{143BCAB7-54C0-49D4-BCFA-9B712342BA7A}.Release|Any CPU.ActiveCfg = Release|Any CPU
		{143BCAB7-54C0-49D4-BCFA-9B712342BA7A}.Release|Any CPU.Build.0 = Release|Any CPU
		{143BCAB7-54C0-49D4-BCFA-9B712342BA7A}.Release|Mixed Platforms.ActiveCfg = Release|Any CPU
		{143BCAB7-54C0-49D4-BCFA-9B712342BA7A}.Release|Mixed Platforms.Build.0 = Release|Any CPU
		{143BCAB7-54C0-49D4-BCFA-9B712342BA7A}.Release|x86.ActiveCfg = Release|Any CPU
		{E16858A2-B81D-48C4-91F0-72F002C1465F}.Debug|Any CPU.ActiveCfg = Debug|Any CPU
		{E16858A2-B81D-48C4-91F0-72F002C1465F}.Debug|Any CPU.Build.0 = Debug|Any CPU
		{E16858A2-B81D-48C4-91F0-72F002C1465F}.Debug|Mixed Platforms.ActiveCfg = Debug|Any CPU
		{E16858A2-B81D-48C4-91F0-72F002C1465F}.Debug|Mixed Platforms.Build.0 = Debug|Any CPU
		{E16858A2-B81D-48C4-91F0-72F002C1465F}.Debug|x86.ActiveCfg = Debug|Any CPU
		{E16858A2-B81D-48C4-91F0-72F002C1465F}.Release|Any CPU.ActiveCfg = Release|Any CPU
		{E16858A2-B81D-48C4-91F0-72F002C1465F}.Release|Any CPU.Build.0 = Release|Any CPU
		{E16858A2-B81D-48C4-91F0-72F002C1465F}.Release|Mixed Platforms.ActiveCfg = Release|Any CPU
		{E16858A2-B81D-48C4-91F0-72F002C1465F}.Release|Mixed Platforms.Build.0 = Release|Any CPU
		{E16858A2-B81D-48C4-91F0-72F002C1465F}.Release|x86.ActiveCfg = Release|Any CPU
		{FD0F53ED-7BC1-4A73-8E08-15F44B52C6F2}.Debug|Any CPU.ActiveCfg = Debug|Any CPU
		{FD0F53ED-7BC1-4A73-8E08-15F44B52C6F2}.Debug|Any CPU.Build.0 = Debug|Any CPU
		{FD0F53ED-7BC1-4A73-8E08-15F44B52C6F2}.Debug|Mixed Platforms.ActiveCfg = Debug|Any CPU
		{FD0F53ED-7BC1-4A73-8E08-15F44B52C6F2}.Debug|Mixed Platforms.Build.0 = Debug|Any CPU
		{FD0F53ED-7BC1-4A73-8E08-15F44B52C6F2}.Debug|x86.ActiveCfg = Debug|Any CPU
		{FD0F53ED-7BC1-4A73-8E08-15F44B52C6F2}.Release|Any CPU.ActiveCfg = Release|Any CPU
		{FD0F53ED-7BC1-4A73-8E08-15F44B52C6F2}.Release|Any CPU.Build.0 = Release|Any CPU
		{FD0F53ED-7BC1-4A73-8E08-15F44B52C6F2}.Release|Mixed Platforms.ActiveCfg = Release|Any CPU
		{FD0F53ED-7BC1-4A73-8E08-15F44B52C6F2}.Release|Mixed Platforms.Build.0 = Release|Any CPU
		{FD0F53ED-7BC1-4A73-8E08-15F44B52C6F2}.Release|x86.ActiveCfg = Release|Any CPU
		{4B9ECC2B-3FFF-48B9-A323-F7F9AD905C58}.Debug|Any CPU.ActiveCfg = Debug|Any CPU
		{4B9ECC2B-3FFF-48B9-A323-F7F9AD905C58}.Debug|Any CPU.Build.0 = Debug|Any CPU
		{4B9ECC2B-3FFF-48B9-A323-F7F9AD905C58}.Debug|Mixed Platforms.ActiveCfg = Debug|Any CPU
		{4B9ECC2B-3FFF-48B9-A323-F7F9AD905C58}.Debug|Mixed Platforms.Build.0 = Debug|Any CPU
		{4B9ECC2B-3FFF-48B9-A323-F7F9AD905C58}.Debug|x86.ActiveCfg = Debug|Any CPU
		{4B9ECC2B-3FFF-48B9-A323-F7F9AD905C58}.Release|Any CPU.ActiveCfg = Release|Any CPU
		{4B9ECC2B-3FFF-48B9-A323-F7F9AD905C58}.Release|Any CPU.Build.0 = Release|Any CPU
		{4B9ECC2B-3FFF-48B9-A323-F7F9AD905C58}.Release|Mixed Platforms.ActiveCfg = Release|Any CPU
		{4B9ECC2B-3FFF-48B9-A323-F7F9AD905C58}.Release|Mixed Platforms.Build.0 = Release|Any CPU
		{4B9ECC2B-3FFF-48B9-A323-F7F9AD905C58}.Release|x86.ActiveCfg = Release|Any CPU
		{4F84836B-30F9-439B-946D-4FACDBB1007F}.Debug|Any CPU.ActiveCfg = Debug|Any CPU
		{4F84836B-30F9-439B-946D-4FACDBB1007F}.Debug|Any CPU.Build.0 = Debug|Any CPU
		{4F84836B-30F9-439B-946D-4FACDBB1007F}.Debug|Mixed Platforms.ActiveCfg = Debug|Any CPU
		{4F84836B-30F9-439B-946D-4FACDBB1007F}.Debug|Mixed Platforms.Build.0 = Debug|Any CPU
		{4F84836B-30F9-439B-946D-4FACDBB1007F}.Debug|x86.ActiveCfg = Debug|Any CPU
		{4F84836B-30F9-439B-946D-4FACDBB1007F}.Release|Any CPU.ActiveCfg = Release|Any CPU
		{4F84836B-30F9-439B-946D-4FACDBB1007F}.Release|Any CPU.Build.0 = Release|Any CPU
		{4F84836B-30F9-439B-946D-4FACDBB1007F}.Release|Mixed Platforms.ActiveCfg = Release|Any CPU
		{4F84836B-30F9-439B-946D-4FACDBB1007F}.Release|Mixed Platforms.Build.0 = Release|Any CPU
		{4F84836B-30F9-439B-946D-4FACDBB1007F}.Release|x86.ActiveCfg = Release|Any CPU
		{214A9C61-9E47-4342-8263-14231F501794}.Debug|Any CPU.ActiveCfg = Debug|Any CPU
		{214A9C61-9E47-4342-8263-14231F501794}.Debug|Any CPU.Build.0 = Debug|Any CPU
		{214A9C61-9E47-4342-8263-14231F501794}.Debug|Mixed Platforms.ActiveCfg = Debug|Any CPU
		{214A9C61-9E47-4342-8263-14231F501794}.Debug|Mixed Platforms.Build.0 = Debug|Any CPU
		{214A9C61-9E47-4342-8263-14231F501794}.Debug|x86.ActiveCfg = Debug|Any CPU
		{214A9C61-9E47-4342-8263-14231F501794}.Release|Any CPU.ActiveCfg = Release|Any CPU
		{214A9C61-9E47-4342-8263-14231F501794}.Release|Any CPU.Build.0 = Release|Any CPU
		{214A9C61-9E47-4342-8263-14231F501794}.Release|Mixed Platforms.ActiveCfg = Release|Any CPU
		{214A9C61-9E47-4342-8263-14231F501794}.Release|Mixed Platforms.Build.0 = Release|Any CPU
		{214A9C61-9E47-4342-8263-14231F501794}.Release|x86.ActiveCfg = Release|Any CPU
		{AF1F8BCF-34FC-4A5E-9D45-BCC6031720BC}.Debug|Any CPU.ActiveCfg = Debug|Any CPU
		{AF1F8BCF-34FC-4A5E-9D45-BCC6031720BC}.Debug|Any CPU.Build.0 = Debug|Any CPU
		{AF1F8BCF-34FC-4A5E-9D45-BCC6031720BC}.Debug|Mixed Platforms.ActiveCfg = Debug|Any CPU
		{AF1F8BCF-34FC-4A5E-9D45-BCC6031720BC}.Debug|Mixed Platforms.Build.0 = Debug|Any CPU
		{AF1F8BCF-34FC-4A5E-9D45-BCC6031720BC}.Debug|x86.ActiveCfg = Debug|Any CPU
		{AF1F8BCF-34FC-4A5E-9D45-BCC6031720BC}.Release|Any CPU.ActiveCfg = Release|Any CPU
		{AF1F8BCF-34FC-4A5E-9D45-BCC6031720BC}.Release|Any CPU.Build.0 = Release|Any CPU
		{AF1F8BCF-34FC-4A5E-9D45-BCC6031720BC}.Release|Mixed Platforms.ActiveCfg = Release|Any CPU
		{AF1F8BCF-34FC-4A5E-9D45-BCC6031720BC}.Release|Mixed Platforms.Build.0 = Release|Any CPU
		{AF1F8BCF-34FC-4A5E-9D45-BCC6031720BC}.Release|x86.ActiveCfg = Release|Any CPU
		{0AB5E0AF-5920-4B72-BF2D-AC0D3E15F661}.Debug|Any CPU.ActiveCfg = Debug|Any CPU
		{0AB5E0AF-5920-4B72-BF2D-AC0D3E15F661}.Debug|Any CPU.Build.0 = Debug|Any CPU
		{0AB5E0AF-5920-4B72-BF2D-AC0D3E15F661}.Debug|Mixed Platforms.ActiveCfg = Debug|Any CPU
		{0AB5E0AF-5920-4B72-BF2D-AC0D3E15F661}.Debug|Mixed Platforms.Build.0 = Debug|Any CPU
		{0AB5E0AF-5920-4B72-BF2D-AC0D3E15F661}.Debug|x86.ActiveCfg = Debug|Any CPU
		{0AB5E0AF-5920-4B72-BF2D-AC0D3E15F661}.Release|Any CPU.ActiveCfg = Release|Any CPU
		{0AB5E0AF-5920-4B72-BF2D-AC0D3E15F661}.Release|Any CPU.Build.0 = Release|Any CPU
		{0AB5E0AF-5920-4B72-BF2D-AC0D3E15F661}.Release|Mixed Platforms.ActiveCfg = Release|Any CPU
		{0AB5E0AF-5920-4B72-BF2D-AC0D3E15F661}.Release|Mixed Platforms.Build.0 = Release|Any CPU
		{0AB5E0AF-5920-4B72-BF2D-AC0D3E15F661}.Release|x86.ActiveCfg = Release|Any CPU
		{475EAB35-C336-46CD-B470-2F4BD0F91F87}.Debug|Any CPU.ActiveCfg = Debug|Any CPU
		{475EAB35-C336-46CD-B470-2F4BD0F91F87}.Debug|Any CPU.Build.0 = Debug|Any CPU
		{475EAB35-C336-46CD-B470-2F4BD0F91F87}.Debug|Mixed Platforms.ActiveCfg = Debug|Any CPU
		{475EAB35-C336-46CD-B470-2F4BD0F91F87}.Debug|Mixed Platforms.Build.0 = Debug|Any CPU
		{475EAB35-C336-46CD-B470-2F4BD0F91F87}.Debug|x86.ActiveCfg = Debug|Any CPU
		{475EAB35-C336-46CD-B470-2F4BD0F91F87}.Release|Any CPU.ActiveCfg = Release|Any CPU
		{475EAB35-C336-46CD-B470-2F4BD0F91F87}.Release|Any CPU.Build.0 = Release|Any CPU
		{475EAB35-C336-46CD-B470-2F4BD0F91F87}.Release|Mixed Platforms.ActiveCfg = Release|Any CPU
		{475EAB35-C336-46CD-B470-2F4BD0F91F87}.Release|Mixed Platforms.Build.0 = Release|Any CPU
		{475EAB35-C336-46CD-B470-2F4BD0F91F87}.Release|x86.ActiveCfg = Release|Any CPU
		{563EB31A-8F5D-4664-BC12-0F95208C2240}.Debug|Any CPU.ActiveCfg = Debug|Any CPU
		{563EB31A-8F5D-4664-BC12-0F95208C2240}.Debug|Any CPU.Build.0 = Debug|Any CPU
		{563EB31A-8F5D-4664-BC12-0F95208C2240}.Debug|Mixed Platforms.ActiveCfg = Debug|Any CPU
		{563EB31A-8F5D-4664-BC12-0F95208C2240}.Debug|Mixed Platforms.Build.0 = Debug|Any CPU
		{563EB31A-8F5D-4664-BC12-0F95208C2240}.Debug|x86.ActiveCfg = Debug|Any CPU
		{563EB31A-8F5D-4664-BC12-0F95208C2240}.Release|Any CPU.ActiveCfg = Release|Any CPU
		{563EB31A-8F5D-4664-BC12-0F95208C2240}.Release|Any CPU.Build.0 = Release|Any CPU
		{563EB31A-8F5D-4664-BC12-0F95208C2240}.Release|Mixed Platforms.ActiveCfg = Release|Any CPU
		{563EB31A-8F5D-4664-BC12-0F95208C2240}.Release|Mixed Platforms.Build.0 = Release|Any CPU
		{563EB31A-8F5D-4664-BC12-0F95208C2240}.Release|x86.ActiveCfg = Release|Any CPU
		{81CD7C15-9C4E-4B60-9A57-6DE7101BA703}.Debug|Any CPU.ActiveCfg = Debug|Any CPU
		{81CD7C15-9C4E-4B60-9A57-6DE7101BA703}.Debug|Any CPU.Build.0 = Debug|Any CPU
		{81CD7C15-9C4E-4B60-9A57-6DE7101BA703}.Debug|Mixed Platforms.ActiveCfg = Debug|Any CPU
		{81CD7C15-9C4E-4B60-9A57-6DE7101BA703}.Debug|Mixed Platforms.Build.0 = Debug|Any CPU
		{81CD7C15-9C4E-4B60-9A57-6DE7101BA703}.Debug|x86.ActiveCfg = Debug|Any CPU
		{81CD7C15-9C4E-4B60-9A57-6DE7101BA703}.Release|Any CPU.ActiveCfg = Release|Any CPU
		{81CD7C15-9C4E-4B60-9A57-6DE7101BA703}.Release|Any CPU.Build.0 = Release|Any CPU
		{81CD7C15-9C4E-4B60-9A57-6DE7101BA703}.Release|Mixed Platforms.ActiveCfg = Release|Any CPU
		{81CD7C15-9C4E-4B60-9A57-6DE7101BA703}.Release|Mixed Platforms.Build.0 = Release|Any CPU
		{81CD7C15-9C4E-4B60-9A57-6DE7101BA703}.Release|x86.ActiveCfg = Release|Any CPU
		{4AF1BAF6-C458-4940-B8B6-BA92C5741FED}.Debug|Any CPU.ActiveCfg = Debug|Any CPU
		{4AF1BAF6-C458-4940-B8B6-BA92C5741FED}.Debug|Any CPU.Build.0 = Debug|Any CPU
		{4AF1BAF6-C458-4940-B8B6-BA92C5741FED}.Debug|Mixed Platforms.ActiveCfg = Debug|Any CPU
		{4AF1BAF6-C458-4940-B8B6-BA92C5741FED}.Debug|Mixed Platforms.Build.0 = Debug|Any CPU
		{4AF1BAF6-C458-4940-B8B6-BA92C5741FED}.Debug|x86.ActiveCfg = Debug|Any CPU
		{4AF1BAF6-C458-4940-B8B6-BA92C5741FED}.Release|Any CPU.ActiveCfg = Release|Any CPU
		{4AF1BAF6-C458-4940-B8B6-BA92C5741FED}.Release|Any CPU.Build.0 = Release|Any CPU
		{4AF1BAF6-C458-4940-B8B6-BA92C5741FED}.Release|Mixed Platforms.ActiveCfg = Release|Any CPU
		{4AF1BAF6-C458-4940-B8B6-BA92C5741FED}.Release|Mixed Platforms.Build.0 = Release|Any CPU
		{4AF1BAF6-C458-4940-B8B6-BA92C5741FED}.Release|x86.ActiveCfg = Release|Any CPU
	EndGlobalSection
	GlobalSection(SolutionProperties) = preSolution
		HideSolutionNode = FALSE
	EndGlobalSection
	GlobalSection(NestedProjects) = preSolution
		{5B6DC376-7344-49BF-9876-3B21EB0512D4} = {F90ECEC5-96F6-4AC2-8186-EAA985FDDB24}
		{69A53297-1342-45B1-81B0-250E56B0C1D3} = {F90ECEC5-96F6-4AC2-8186-EAA985FDDB24}
		{E86CCA53-9E82-41AA-AF26-96A848D64210} = {8A07163E-FEE5-4175-8876-D0FD2164A6A7}
		{67001FFC-0B34-4F7C-8908-4912461C13DF} = {8A07163E-FEE5-4175-8876-D0FD2164A6A7}
		{143BCAB7-54C0-49D4-BCFA-9B712342BA7A} = {F90ECEC5-96F6-4AC2-8186-EAA985FDDB24}
		{E16858A2-B81D-48C4-91F0-72F002C1465F} = {F90ECEC5-96F6-4AC2-8186-EAA985FDDB24}
		{FD0F53ED-7BC1-4A73-8E08-15F44B52C6F2} = {D52A77CD-1774-4CF0-BF22-78B24FFC01AC}
		{4B9ECC2B-3FFF-48B9-A323-F7F9AD905C58} = {F90ECEC5-96F6-4AC2-8186-EAA985FDDB24}
		{4F84836B-30F9-439B-946D-4FACDBB1007F} = {D52A77CD-1774-4CF0-BF22-78B24FFC01AC}
		{214A9C61-9E47-4342-8263-14231F501794} = {F90ECEC5-96F6-4AC2-8186-EAA985FDDB24}
		{0AB5E0AF-5920-4B72-BF2D-AC0D3E15F661} = {F90ECEC5-96F6-4AC2-8186-EAA985FDDB24}
		{475EAB35-C336-46CD-B470-2F4BD0F91F87} = {D52A77CD-1774-4CF0-BF22-78B24FFC01AC}
		{563EB31A-8F5D-4664-BC12-0F95208C2240} = {F90ECEC5-96F6-4AC2-8186-EAA985FDDB24}
		{81CD7C15-9C4E-4B60-9A57-6DE7101BA703} = {F90ECEC5-96F6-4AC2-8186-EAA985FDDB24}
		{4AF1BAF6-C458-4940-B8B6-BA92C5741FED} = {F90ECEC5-96F6-4AC2-8186-EAA985FDDB24}
	EndGlobalSection
EndGlobal
